// !$*UTF8*$!
{
	archiveVersion = 1;
	classes = {
	};
	objectVersion = 45;
	objects = {

/* Begin PBXBuildFile section */
		3D10250B1210761800239F1C /* TestAppMain.xib in Resources */ = {isa = PBXBuildFile; fileRef = 3D10250A1210761800239F1C /* TestAppMain.xib */; };
		3D102513121076E900239F1C /* MainViewController.m in Sources */ = {isa = PBXBuildFile; fileRef = 3D102511121076E900239F1C /* MainViewController.m */; };
		3D102514121076E900239F1C /* MainView.xib in Resources */ = {isa = PBXBuildFile; fileRef = 3D102512121076E900239F1C /* MainView.xib */; };
		3D1025161210774D00239F1C /* MainViewLandscape.xib in Resources */ = {isa = PBXBuildFile; fileRef = 3D1025151210774D00239F1C /* MainViewLandscape.xib */; };
		3D102526121077BB00239F1C /* Main.m in Sources */ = {isa = PBXBuildFile; fileRef = 3D102525121077BB00239F1C /* Main.m */; };
		3D1025341210788100239F1C /* TestAppDelegate.m in Sources */ = {isa = PBXBuildFile; fileRef = 3D1025331210788100239F1C /* TestAppDelegate.m */; };
		3D10255612107A1700239F1C /* BSUIViewRearranger.h in Headers */ = {isa = PBXBuildFile; fileRef = 3D10255412107A1700239F1C /* BSUIViewRearranger.h */; };
		3D10255712107A1700239F1C /* BSUIViewRearranger.m in Sources */ = {isa = PBXBuildFile; fileRef = 3D10255512107A1700239F1C /* BSUIViewRearranger.m */; };
		3D10255E12107D8200239F1C /* libBSUIViewRearranger.a in Frameworks */ = {isa = PBXBuildFile; fileRef = D2AAC07E0554694100DB518D /* libBSUIViewRearranger.a */; };
		AA747D9F0F9514B9006C5449 /* BSUIViewRearranger_Prefix.pch in Headers */ = {isa = PBXBuildFile; fileRef = AA747D9E0F9514B9006C5449 /* BSUIViewRearranger_Prefix.pch */; };
		AACBBE4A0F95108600F1A2B1 /* Foundation.framework in Frameworks */ = {isa = PBXBuildFile; fileRef = AACBBE490F95108600F1A2B1 /* Foundation.framework */; };
/* End PBXBuildFile section */

/* Begin PBXContainerItemProxy section */
		3D10255F12107D8D00239F1C /* PBXContainerItemProxy */ = {
			isa = PBXContainerItemProxy;
			containerPortal = 0867D690FE84028FC02AAC07 /* Project object */;
			proxyType = 1;
			remoteGlobalIDString = D2AAC07D0554694100DB518D;
			remoteInfo = BSUIViewRearranger;
		};
/* End PBXContainerItemProxy section */

/* Begin PBXFileReference section */
		3D1024FE121075E100239F1C /* ViewRearrangementTest.app */ = {isa = PBXFileReference; explicitFileType = wrapper.application; includeInIndex = 0; path = ViewRearrangementTest.app; sourceTree = BUILT_PRODUCTS_DIR; };
		3D102500121075E100239F1C /* ViewRearrangementTest-Info.plist */ = {isa = PBXFileReference; lastKnownFileType = text.plist.xml; path = "ViewRearrangementTest-Info.plist"; sourceTree = "<group>"; };
		3D10250A1210761800239F1C /* TestAppMain.xib */ = {isa = PBXFileReference; lastKnownFileType = file.xib; path = TestAppMain.xib; sourceTree = "<group>"; };
		3D102510121076E900239F1C /* MainViewController.h */ = {isa = PBXFileReference; fileEncoding = 4; lastKnownFileType = sourcecode.c.h; path = MainViewController.h; sourceTree = "<group>"; };
		3D102511121076E900239F1C /* MainViewController.m */ = {isa = PBXFileReference; fileEncoding = 4; lastKnownFileType = sourcecode.c.objc; path = MainViewController.m; sourceTree = "<group>"; };
		3D102512121076E900239F1C /* MainView.xib */ = {isa = PBXFileReference; lastKnownFileType = file.xib; path = MainView.xib; sourceTree = "<group>"; };
		3D1025151210774D00239F1C /* MainViewLandscape.xib */ = {isa = PBXFileReference; lastKnownFileType = file.xib; path = MainViewLandscape.xib; sourceTree = "<group>"; };
		3D102524121077BB00239F1C /* Main.h */ = {isa = PBXFileReference; fileEncoding = 4; lastKnownFileType = sourcecode.c.h; path = Main.h; sourceTree = "<group>"; };
		3D102525121077BB00239F1C /* Main.m */ = {isa = PBXFileReference; fileEncoding = 4; lastKnownFileType = sourcecode.c.objc; path = Main.m; sourceTree = "<group>"; };
		3D1025321210788100239F1C /* TestAppDelegate.h */ = {isa = PBXFileReference; fileEncoding = 4; lastKnownFileType = sourcecode.c.h; path = TestAppDelegate.h; sourceTree = "<group>"; };
		3D1025331210788100239F1C /* TestAppDelegate.m */ = {isa = PBXFileReference; fileEncoding = 4; lastKnownFileType = sourcecode.c.objc; path = TestAppDelegate.m; sourceTree = "<group>"; };
		3D10255412107A1700239F1C /* BSUIViewRearranger.h */ = {isa = PBXFileReference; fileEncoding = 4; lastKnownFileType = sourcecode.c.h; path = BSUIViewRearranger.h; sourceTree = "<group>"; };
		3D10255512107A1700239F1C /* BSUIViewRearranger.m */ = {isa = PBXFileReference; fileEncoding = 4; lastKnownFileType = sourcecode.c.objc; path = BSUIViewRearranger.m; sourceTree = "<group>"; };
		AA747D9E0F9514B9006C5449 /* BSUIViewRearranger_Prefix.pch */ = {isa = PBXFileReference; fileEncoding = 4; lastKnownFileType = sourcecode.c.h; path = BSUIViewRearranger_Prefix.pch; sourceTree = SOURCE_ROOT; };
		AACBBE490F95108600F1A2B1 /* Foundation.framework */ = {isa = PBXFileReference; lastKnownFileType = wrapper.framework; name = Foundation.framework; path = System/Library/Frameworks/Foundation.framework; sourceTree = SDKROOT; };
		D2AAC07E0554694100DB518D /* libBSUIViewRearranger.a */ = {isa = PBXFileReference; explicitFileType = archive.ar; includeInIndex = 0; path = libBSUIViewRearranger.a; sourceTree = BUILT_PRODUCTS_DIR; };
/* End PBXFileReference section */

/* Begin PBXFrameworksBuildPhase section */
		3D1024FC121075E100239F1C /* Frameworks */ = {
			isa = PBXFrameworksBuildPhase;
			buildActionMask = 2147483647;
			files = (
				3D10255E12107D8200239F1C /* libBSUIViewRearranger.a in Frameworks */,
			);
			runOnlyForDeploymentPostprocessing = 0;
		};
		D2AAC07C0554694100DB518D /* Frameworks */ = {
			isa = PBXFrameworksBuildPhase;
			buildActionMask = 2147483647;
			files = (
				AACBBE4A0F95108600F1A2B1 /* Foundation.framework in Frameworks */,
			);
			runOnlyForDeploymentPostprocessing = 0;
		};
/* End PBXFrameworksBuildPhase section */

/* Begin PBXGroup section */
		034768DFFF38A50411DB9C8B /* Products */ = {
			isa = PBXGroup;
			children = (
				D2AAC07E0554694100DB518D /* libBSUIViewRearranger.a */,
				3D1024FE121075E100239F1C /* ViewRearrangementTest.app */,
			);
			name = Products;
			sourceTree = "<group>";
		};
		0867D691FE84028FC02AAC07 /* BSUIViewRearranger */ = {
			isa = PBXGroup;
			children = (
				08FB77AEFE84172EC02AAC07 /* Classes */,
				32C88DFF0371C24200C91783 /* Other Sources */,
				0867D69AFE84028FC02AAC07 /* Frameworks */,
				3D102551121079EF00239F1C /* TestApp */,
				034768DFFF38A50411DB9C8B /* Products */,
			);
			name = BSUIViewRearranger;
			sourceTree = "<group>";
		};
		0867D69AFE84028FC02AAC07 /* Frameworks */ = {
			isa = PBXGroup;
			children = (
				AACBBE490F95108600F1A2B1 /* Foundation.framework */,
			);
			name = Frameworks;
			sourceTree = "<group>";
		};
		08FB77AEFE84172EC02AAC07 /* Classes */ = {
			isa = PBXGroup;
			children = (
				3D10255412107A1700239F1C /* BSUIViewRearranger.h */,
				3D10255512107A1700239F1C /* BSUIViewRearranger.m */,
			);
			name = Classes;
			sourceTree = "<group>";
		};
		32C88DFF0371C24200C91783 /* Other Sources */ = {
			isa = PBXGroup;
			children = (
				AA747D9E0F9514B9006C5449 /* BSUIViewRearranger_Prefix.pch */,
			);
			name = "Other Sources";
			sourceTree = "<group>";
		};
		3D102551121079EF00239F1C /* TestApp */ = {
			isa = PBXGroup;
			children = (
				3D102500121075E100239F1C /* ViewRearrangementTest-Info.plist */,
				3D102524121077BB00239F1C /* Main.h */,
				3D102525121077BB00239F1C /* Main.m */,
				3D10250A1210761800239F1C /* TestAppMain.xib */,
				3D1025321210788100239F1C /* TestAppDelegate.h */,
				3D1025331210788100239F1C /* TestAppDelegate.m */,
				3D102510121076E900239F1C /* MainViewController.h */,
				3D102511121076E900239F1C /* MainViewController.m */,
				3D102512121076E900239F1C /* MainView.xib */,
				3D1025151210774D00239F1C /* MainViewLandscape.xib */,
			);
			name = TestApp;
			sourceTree = "<group>";
		};
/* End PBXGroup section */

/* Begin PBXHeadersBuildPhase section */
		D2AAC07A0554694100DB518D /* Headers */ = {
			isa = PBXHeadersBuildPhase;
			buildActionMask = 2147483647;
			files = (
				AA747D9F0F9514B9006C5449 /* BSUIViewRearranger_Prefix.pch in Headers */,
				3D10255612107A1700239F1C /* BSUIViewRearranger.h in Headers */,
			);
			runOnlyForDeploymentPostprocessing = 0;
		};
/* End PBXHeadersBuildPhase section */

/* Begin PBXNativeTarget section */
		3D1024FD121075E100239F1C /* ViewRearrangementTest */ = {
			isa = PBXNativeTarget;
			buildConfigurationList = 3D102503121075E200239F1C /* Build configuration list for PBXNativeTarget "ViewRearrangementTest" */;
			buildPhases = (
				3D1024FA121075E100239F1C /* Resources */,
				3D1024FB121075E100239F1C /* Sources */,
				3D1024FC121075E100239F1C /* Frameworks */,
			);
			buildRules = (
			);
			dependencies = (
				3D10256012107D8D00239F1C /* PBXTargetDependency */,
			);
			name = ViewRearrangementTest;
			productName = ViewRearrangementTest;
			productReference = 3D1024FE121075E100239F1C /* ViewRearrangementTest.app */;
			productType = "com.apple.product-type.application";
		};
		D2AAC07D0554694100DB518D /* BSUIViewRearranger */ = {
			isa = PBXNativeTarget;
			buildConfigurationList = 1DEB921E08733DC00010E9CD /* Build configuration list for PBXNativeTarget "BSUIViewRearranger" */;
			buildPhases = (
				D2AAC07A0554694100DB518D /* Headers */,
				D2AAC07B0554694100DB518D /* Sources */,
				D2AAC07C0554694100DB518D /* Frameworks */,
			);
			buildRules = (
			);
			dependencies = (
			);
			name = BSUIViewRearranger;
			productName = BSUIViewRearranger;
			productReference = D2AAC07E0554694100DB518D /* libBSUIViewRearranger.a */;
			productType = "com.apple.product-type.library.static";
		};
/* End PBXNativeTarget section */

/* Begin PBXProject section */
		0867D690FE84028FC02AAC07 /* Project object */ = {
			isa = PBXProject;
			buildConfigurationList = 1DEB922208733DC00010E9CD /* Build configuration list for PBXProject "BSUIViewRearranger" */;
			compatibilityVersion = "Xcode 3.1";
			hasScannedForEncodings = 1;
			mainGroup = 0867D691FE84028FC02AAC07 /* BSUIViewRearranger */;
			productRefGroup = 034768DFFF38A50411DB9C8B /* Products */;
			projectDirPath = "";
			projectRoot = "";
			targets = (
				D2AAC07D0554694100DB518D /* BSUIViewRearranger */,
				3D1024FD121075E100239F1C /* ViewRearrangementTest */,
			);
		};
/* End PBXProject section */

/* Begin PBXResourcesBuildPhase section */
		3D1024FA121075E100239F1C /* Resources */ = {
			isa = PBXResourcesBuildPhase;
			buildActionMask = 2147483647;
			files = (
				3D10250B1210761800239F1C /* TestAppMain.xib in Resources */,
				3D102514121076E900239F1C /* MainView.xib in Resources */,
				3D1025161210774D00239F1C /* MainViewLandscape.xib in Resources */,
			);
			runOnlyForDeploymentPostprocessing = 0;
		};
/* End PBXResourcesBuildPhase section */

/* Begin PBXSourcesBuildPhase section */
		3D1024FB121075E100239F1C /* Sources */ = {
			isa = PBXSourcesBuildPhase;
			buildActionMask = 2147483647;
			files = (
				3D102513121076E900239F1C /* MainViewController.m in Sources */,
				3D102526121077BB00239F1C /* Main.m in Sources */,
				3D1025341210788100239F1C /* TestAppDelegate.m in Sources */,
			);
			runOnlyForDeploymentPostprocessing = 0;
		};
		D2AAC07B0554694100DB518D /* Sources */ = {
			isa = PBXSourcesBuildPhase;
			buildActionMask = 2147483647;
			files = (
				3D10255712107A1700239F1C /* BSUIViewRearranger.m in Sources */,
			);
			runOnlyForDeploymentPostprocessing = 0;
		};
/* End PBXSourcesBuildPhase section */

/* Begin PBXTargetDependency section */
		3D10256012107D8D00239F1C /* PBXTargetDependency */ = {
			isa = PBXTargetDependency;
			target = D2AAC07D0554694100DB518D /* BSUIViewRearranger */;
			targetProxy = 3D10255F12107D8D00239F1C /* PBXContainerItemProxy */;
		};
/* End PBXTargetDependency section */

/* Begin XCBuildConfiguration section */
		1DEB921F08733DC00010E9CD /* Debug */ = {
			isa = XCBuildConfiguration;
			buildSettings = {
				ALWAYS_SEARCH_USER_PATHS = NO;
				ARCHS = "$(ARCHS_STANDARD_32_BIT)";
				COPY_PHASE_STRIP = NO;
				DSTROOT = /tmp/BSUIViewRearranger.dst;
				GCC_DYNAMIC_NO_PIC = NO;
				GCC_ENABLE_FIX_AND_CONTINUE = YES;
				GCC_MODEL_TUNING = G5;
				GCC_OPTIMIZATION_LEVEL = 0;
				GCC_PRECOMPILE_PREFIX_HEADER = YES;
				GCC_PREFIX_HEADER = BSUIViewRearranger_Prefix.pch;
				INSTALL_PATH = /usr/local/lib;
				PRODUCT_NAME = BSUIViewRearranger;
			};
			name = Debug;
		};
		1DEB922008733DC00010E9CD /* Release */ = {
			isa = XCBuildConfiguration;
			buildSettings = {
				ALWAYS_SEARCH_USER_PATHS = NO;
				ARCHS = "$(ARCHS_STANDARD_32_BIT)";
				DSTROOT = /tmp/BSUIViewRearranger.dst;
				GCC_MODEL_TUNING = G5;
				GCC_PRECOMPILE_PREFIX_HEADER = YES;
				GCC_PREFIX_HEADER = BSUIViewRearranger_Prefix.pch;
				INSTALL_PATH = /usr/local/lib;
				PRODUCT_NAME = BSUIViewRearranger;
			};
			name = Release;
		};
		1DEB922308733DC00010E9CD /* Debug */ = {
			isa = XCBuildConfiguration;
			buildSettings = {
				ARCHS = "$(ARCHS_STANDARD_32_BIT)";
				GCC_C_LANGUAGE_STANDARD = c99;
				GCC_OPTIMIZATION_LEVEL = 0;
				GCC_WARN_ABOUT_RETURN_TYPE = YES;
				GCC_WARN_UNUSED_VARIABLE = YES;
				OTHER_LDFLAGS = "-ObjC";
				PREBINDING = NO;
				SDKROOT = iphoneos4.0;
			};
			name = Debug;
		};
		1DEB922408733DC00010E9CD /* Release */ = {
			isa = XCBuildConfiguration;
			buildSettings = {
				ARCHS = "$(ARCHS_STANDARD_32_BIT)";
				GCC_C_LANGUAGE_STANDARD = c99;
				GCC_WARN_ABOUT_RETURN_TYPE = YES;
				GCC_WARN_UNUSED_VARIABLE = YES;
				OTHER_LDFLAGS = "-ObjC";
				PREBINDING = NO;
				SDKROOT = iphoneos4.0;
			};
			name = Release;
		};
		3D102501121075E200239F1C /* Debug */ = {
			isa = XCBuildConfiguration;
			buildSettings = {
				ALWAYS_SEARCH_USER_PATHS = NO;
				CODE_SIGN_IDENTITY = "iPhone Developer";
				COPY_PHASE_STRIP = NO;
				GCC_DYNAMIC_NO_PIC = NO;
				GCC_OPTIMIZATION_LEVEL = 0;
				GCC_PRECOMPILE_PREFIX_HEADER = YES;
				GCC_PREFIX_HEADER = "$(SYSTEM_LIBRARY_DIR)/Frameworks/UIKit.framework/Headers/UIKit.h";
				INFOPLIST_FILE = "ViewRearrangementTest-Info.plist";
				INSTALL_PATH = "$(HOME)/Applications";
				OTHER_LDFLAGS = (
					"-framework",
					Foundation,
					"-framework",
					UIKit,
				);
				PREBINDING = NO;
				PRODUCT_NAME = ViewRearrangementTest;
				SDKROOT = iphoneos4.0;
			};
			name = Debug;
		};
		3D102502121075E200239F1C /* Release */ = {
			isa = XCBuildConfiguration;
			buildSettings = {
				ALWAYS_SEARCH_USER_PATHS = NO;
				CODE_SIGN_IDENTITY = "iPhone Developer";
				COPY_PHASE_STRIP = YES;
				DEBUG_INFORMATION_FORMAT = "dwarf-with-dsym";
				GCC_ENABLE_FIX_AND_CONTINUE = NO;
				GCC_PRECOMPILE_PREFIX_HEADER = YES;
				GCC_PREFIX_HEADER = "$(SYSTEM_LIBRARY_DIR)/Frameworks/UIKit.framework/Headers/UIKit.h";
				INFOPLIST_FILE = "ViewRearrangementTest-Info.plist";
				INSTALL_PATH = "$(HOME)/Applications";
				OTHER_LDFLAGS = (
					"-framework",
					Foundation,
					"-framework",
					UIKit,
				);
				PREBINDING = NO;
				PRODUCT_NAME = ViewRearrangementTest;
				SDKROOT = iphoneos4.0;
				ZERO_LINK = NO;
			};
			name = Release;
		};
/* End XCBuildConfiguration section */

/* Begin XCConfigurationList section */
		1DEB921E08733DC00010E9CD /* Build configuration list for PBXNativeTarget "BSUIViewRearranger" */ = {
			isa = XCConfigurationList;
			buildConfigurations = (
				1DEB921F08733DC00010E9CD /* Debug */,
				1DEB922008733DC00010E9CD /* Release */,
			);
			defaultConfigurationIsVisible = 0;
			defaultConfigurationName = Release;
		};
		1DEB922208733DC00010E9CD /* Build configuration list for PBXProject "BSUIViewRearranger" */ = {
			isa = XCConfigurationList;
			buildConfigurations = (
				1DEB922308733DC00010E9CD /* Debug */,
				1DEB922408733DC00010E9CD /* Release */,
			);
			defaultConfigurationIsVisible = 0;
			defaultConfigurationName = Release;
		};
		3D102503121075E200239F1C /* Build configuration list for PBXNativeTarget "ViewRearrangementTest" */ = {
			isa = XCConfigurationList;
			buildConfigurations = (
				3D102501121075E200239F1C /* Debug */,
				3D102502121075E200239F1C /* Release */,
			);
			defaultConfigurationIsVisible = 0;
			defaultConfigurationName = Release;
		};
/* End XCConfigurationList section */
	};
	rootObject = 0867D690FE84028FC02AAC07 /* Project object */;
}
